# THIS IS AN AUTOGENERATED FILE. DO NOT EDIT THIS FILE DIRECTLY.
# yarn lockfile v1


rxjs@^7.3.0:
  version "7.3.0"
  resolved "https://registry.yarnpkg.com/rxjs/-/rxjs-7.3.0.tgz#39fe4f3461dc1e50be1475b2b85a0a88c1e938c6"
  integrity sha512-p2yuGIg9S1epc3vrjKf6iVb3RCaAYjYskkO+jHIaV0IjOPlJop4UnodOoFb2xeNwlguqLYvGw1b1McillYb5Gw==
  dependencies:
    tslib "~2.1.0"

tslib@~2.1.0:
  version "2.1.0"
  resolved "https://registry.yarnpkg.com/tslib/-/tslib-2.1.0.tgz#da60860f1c2ecaa5703ab7d39bc05b6bf988b97a"
  integrity sha512-hcVC3wYEziELGGmEEXue7D75zbwIIVUMWAVbHItGPx0ziyXxrOMQx4rQEVEV45Ut/1IotuEvwqPopzIOkDMf0A==
