{
  "requires": true,
  "lockfileVersion": 1,
  "dependencies": {
    "@types/node": {
      "version": "16.0.1",
      "resolved": "https://registry.npmjs.org/@types/node/-/node-16.0.1.tgz",
      "integrity": "sha512-hBOx4SUlEPKwRi6PrXuTGw1z6lz0fjsibcWCM378YxsSu/6+C30L6CR49zIBKHiwNWCYIcOLjg4OHKZaFeLAug==",
      "dev": true
    },
    "@types/webpack-env": {
      "version": "1.16.2",
      "resolved": "https://registry.npmjs.org/@types/webpack-env/-/webpack-env-1.16.2.tgz",
      "integrity": "sha512-vKx7WNQNZDyJveYcHAm9ZxhqSGLYwoyLhrHjLBOkw3a7cT76sTdjgtwyijhk1MaHyRIuSztcVwrUOO/NEu68Dw==",
      "dev": true
    }
  }
}
