# THIS IS AN AUTOGENERATED FILE. DO NOT EDIT THIS FILE DIRECTLY.
# yarn lockfile v1


"@types/rollup@^0.54.0":
  version "0.54.0"
  resolved "https://registry.yarnpkg.com/@types/rollup/-/rollup-0.54.0.tgz#e3ab3a7b3c1bf92969602dd92a589de39f324a31"
  integrity sha512-oeYztLHhQ98jnr+u2cs1c3tHOGtpzrm9DJlIdEjznwoXWidUbrI+X6ib7zCkPIbB7eJ7VbbKNQ5n/bPnSg6Naw==
  dependencies:
    rollup "*"

fsevents@~2.3.2:
  version "2.3.2"
  resolved "https://registry.yarnpkg.com/fsevents/-/fsevents-2.3.2.tgz#8a526f78b8fdf4623b709e0b975c52c24c02fd1a"
  integrity sha512-xiqMQR4xAeHTuB9uWm+fFRcIOgKBMiOBP+eXiyT7jsgVCq1bkVygt00oASowB7EdtpOHaaPgKt812P9ab+DDKA==

rollup@*, rollup@^2.53.0:
  version "2.53.0"
  resolved "https://registry.yarnpkg.com/rollup/-/rollup-2.53.0.tgz#5b6bc7820a03f361d2ae3dcabdc99d269a754709"
  integrity sha512-spgrY78Toh+m0+zaOoeaayJKuzFuWy6o1PdFIBMVwRcuxT0xCOX9A5rChyKe+2ruL4lePKWUMImS4mMW1QAkmQ==
  optionalDependencies:
    fsevents "~2.3.2"
