# THIS IS AN AUTOGENERATED FILE. DO NOT EDIT THIS FILE DIRECTLY.
# yarn lockfile v1


"@types/node@^16.4.1":
  version "16.4.1"
  resolved "https://registry.yarnpkg.com/@types/node/-/node-16.4.1.tgz#9fad171a5b701613ee8a6f4ece3c88b1034b1b03"
  integrity sha512-UW7cbLqf/Wu5XH2RKKY1cHwUNLicIDRLMraYKz+HHAerJ0ZffUEk+fMnd8qU2JaS6cAy0r8tsaf7yqHASf/Y0Q==
