{
  "name": "@skedo/core",
  "version": "1.0.0",
  "lockfileVersion": 1,
  "requires": true,
  "dependencies": {
    "@types/immutable": {
      "version": "3.8.7",
      "resolved": "https://registry.nlark.com/@types/immutable/download/@types/immutable-3.8.7.tgz",
      "integrity": "sha1-U20z0w8/PZptRkKiGUGf2Cr2M/s=",
      "requires": {
        "immutable": "*"
      }
    },
    "immutable": {
      "version": "4.0.0-rc.12",
      "resolved": "https://registry.nlark.com/immutable/download/immutable-4.0.0-rc.12.tgz",
      "integrity": "sha512-0M2XxkZLx/mi3t8NVwIm1g8nHoEmM9p9UBl/G9k4+hm0kBgOVdMV/B3CY5dQ8qG8qc80NN4gDV4HQv6FTJ5q7A=="
    },
    "ramda": {
      "version": "0.27.1",
      "resolved": "https://registry.nlark.com/ramda/download/ramda-0.27.1.tgz",
      "integrity": "sha1-Zvwt8++HOHT/wtpqqJhGWKus9ck="
    },
    "rxjs": {
      "version": "7.1.0",
      "resolved": "https://registry.nlark.com/rxjs/download/rxjs-7.1.0.tgz?cache=0&other_urls=https%3A%2F%2Fregistry.nlark.com%2Frxjs%2Fdownload%2Frxjs-7.1.0.tgz",
      "integrity": "sha1-lCAtJ7GTBe97Gk8zAneyBl33A54=",
      "requires": {
        "tslib": "~2.1.0"
      }
    },
    "tslib": {
      "version": "2.1.0",
      "resolved": "https://registry.nlark.com/tslib/download/tslib-2.1.0.tgz",
      "integrity": "sha1-2mCGDxwuyqVwOrfTm8Bba/mIuXo="
    },
    "typescript": {
      "version": "4.3.4",
      "resolved": "https://registry.npmjs.org/typescript/-/typescript-4.3.4.tgz",
      "integrity": "sha512-uauPG7XZn9F/mo+7MrsRjyvbxFpzemRjKEZXS4AK83oP2KKOJPvb+9cO/gmnv8arWZvhnjVOXz7B49m1l0e9Ew==",
      "dev": true
    }
  }
}
